
Microsoft Visual Studio Solution File, Format Version 12.00
# Visual Studio Version 17
VisualStudioVersion = 17.4.33213.308
MinimumVisualStudioVersion = 10.0.40219.1
Project("{FAE04EC0-301F-11D3-BF4B-00C04F79EFBC}") = "KeyVault", "KeyVault\KeyVault.csproj", "{C1E42E3A-3625-4C4B-8352-4F04138E2E17}"
EndProject
Project("{FAE04EC0-301F-11D3-BF4B-00C04F79EFBC}") = "KeyVaultMobile.Android", "KeyVaultMobile\KeyVaultMobile.Android\KeyVaultMobile.Android.csproj", "{46C7B277-66C4-42AD-87A5-A2E26758D4E3}"
EndProject
Project("{FAE04EC0-301F-11D3-BF4B-00C04F79EFBC}") = "KeyVaultMobile", "KeyVaultMobile\KeyVaultMobile\KeyVaultMobile.csproj", "{E16FE199-6E9D-44BD-AC25-7BFB6EBC145F}"
EndProject
Global
	GlobalSection(SolutionConfigurationPlatforms) = preSolution
		Debug|Any CPU = Debug|Any CPU
		Release|Any CPU = Release|Any CPU
	EndGlobalSection
	GlobalSection(ProjectConfigurationPlatforms) = postSolution
		{C1E42E3A-3625-4C4B-8352-4F04138E2E17}.Debug|Any CPU.ActiveCfg = Debug|Any CPU
		{C1E42E3A-3625-4C4B-8352-4F04138E2E17}.Debug|Any CPU.Build.0 = Debug|Any CPU
		{C1E42E3A-3625-4C4B-8352-4F04138E2E17}.Release|Any CPU.ActiveCfg = Release|Any CPU
		{C1E42E3A-3625-4C4B-8352-4F04138E2E17}.Release|Any CPU.Build.0 = Release|Any CPU
		{46C7B277-66C4-42AD-87A5-A2E26758D4E3}.Debug|Any CPU.ActiveCfg = Debug|Any CPU
		{46C7B277-66C4-42AD-87A5-A2E26758D4E3}.Debug|Any CPU.Build.0 = Debug|Any CPU
		{46C7B277-66C4-42AD-87A5-A2E26758D4E3}.Debug|Any CPU.Deploy.0 = Debug|Any CPU
		{46C7B277-66C4-42AD-87A5-A2E26758D4E3}.Release|Any CPU.ActiveCfg = Release|Any CPU
		{46C7B277-66C4-42AD-87A5-A2E26758D4E3}.Release|Any CPU.Build.0 = Release|Any CPU
		{46C7B277-66C4-42AD-87A5-A2E26758D4E3}.Release|Any CPU.Deploy.0 = Release|Any CPU
		{E16FE199-6E9D-44BD-AC25-7BFB6EBC145F}.Debug|Any CPU.ActiveCfg = Debug|Any CPU
		{E16FE199-6E9D-44BD-AC25-7BFB6EBC145F}.Debug|Any CPU.Build.0 = Debug|Any CPU
		{E16FE199-6E9D-44BD-AC25-7BFB6EBC145F}.Release|Any CPU.ActiveCfg = Release|Any CPU
		{E16FE199-6E9D-44BD-AC25-7BFB6EBC145F}.Release|Any CPU.Build.0 = Release|Any CPU
	EndGlobalSection
	GlobalSection(SolutionProperties) = preSolution
		HideSolutionNode = FALSE
	EndGlobalSection
	GlobalSection(ExtensibilityGlobals) = postSolution
		SolutionGuid = {B5C38F26-399D-48BC-AB7D-8DF897F6ABB1}
	EndGlobalSection
EndGlobal
